
Microsoft Visual Studio Solution File, Format Version 12.00
# Visual Studio Version 16
VisualStudioVersion = 16.0.30114.105
MinimumVisualStudioVersion = 10.0.40219.1
Project("{9A19103F-16F7-4668-BE54-9A1E7A4F7556}") = "LatihanBlazor", "LatihanBlazor\LatihanBlazor.csproj", "{D7F97C21-230B-4D0A-8A20-BCD4C4AC63D3}"
EndProject
Project("{9A19103F-16F7-4668-BE54-9A1E7A4F7556}") = "EmployeeManagement.Models", "EmployeeManagement.Models\EmployeeManagement.Models.csproj", "{496A43AD-1826-4E1D-9420-39A381463FB3}"
EndProject
Project("{9A19103F-16F7-4668-BE54-9A1E7A4F7556}") = "EmployeeManagement.Api", "EmployeeManagement.Api\EmployeeManagement.Api.csproj", "{37DE9F54-8A45-4119-8D60-216A007A7BE5}"
EndProject
Global
	GlobalSection(SolutionConfigurationPlatforms) = preSolution
		Debug|Any CPU = Debug|Any CPU
		Debug|x64 = Debug|x64
		Debug|x86 = Debug|x86
		Release|Any CPU = Release|Any CPU
		Release|x64 = Release|x64
		Release|x86 = Release|x86
	EndGlobalSection
	GlobalSection(ProjectConfigurationPlatforms) = postSolution
		{D7F97C21-230B-4D0A-8A20-BCD4C4AC63D3}.Debug|Any CPU.ActiveCfg = Debug|Any CPU
		{D7F97C21-230B-4D0A-8A20-BCD4C4AC63D3}.Debug|Any CPU.Build.0 = Debug|Any CPU
		{D7F97C21-230B-4D0A-8A20-BCD4C4AC63D3}.Debug|x64.ActiveCfg = Debug|Any CPU
		{D7F97C21-230B-4D0A-8A20-BCD4C4AC63D3}.Debug|x64.Build.0 = Debug|Any CPU
		{D7F97C21-230B-4D0A-8A20-BCD4C4AC63D3}.Debug|x86.ActiveCfg = Debug|Any CPU
		{D7F97C21-230B-4D0A-8A20-BCD4C4AC63D3}.Debug|x86.Build.0 = Debug|Any CPU
		{D7F97C21-230B-4D0A-8A20-BCD4C4AC63D3}.Release|Any CPU.ActiveCfg = Release|Any CPU
		{D7F97C21-230B-4D0A-8A20-BCD4C4AC63D3}.Release|Any CPU.Build.0 = Release|Any CPU
		{D7F97C21-230B-4D0A-8A20-BCD4C4AC63D3}.Release|x64.ActiveCfg = Release|Any CPU
		{D7F97C21-230B-4D0A-8A20-BCD4C4AC63D3}.Release|x64.Build.0 = Release|Any CPU
		{D7F97C21-230B-4D0A-8A20-BCD4C4AC63D3}.Release|x86.ActiveCfg = Release|Any CPU
		{D7F97C21-230B-4D0A-8A20-BCD4C4AC63D3}.Release|x86.Build.0 = Release|Any CPU
		{496A43AD-1826-4E1D-9420-39A381463FB3}.Debug|Any CPU.ActiveCfg = Debug|Any CPU
		{496A43AD-1826-4E1D-9420-39A381463FB3}.Debug|Any CPU.Build.0 = Debug|Any CPU
		{496A43AD-1826-4E1D-9420-39A381463FB3}.Debug|x64.ActiveCfg = Debug|Any CPU
		{496A43AD-1826-4E1D-9420-39A381463FB3}.Debug|x64.Build.0 = Debug|Any CPU
		{496A43AD-1826-4E1D-9420-39A381463FB3}.Debug|x86.ActiveCfg = Debug|Any CPU
		{496A43AD-1826-4E1D-9420-39A381463FB3}.Debug|x86.Build.0 = Debug|Any CPU
		{496A43AD-1826-4E1D-9420-39A381463FB3}.Release|Any CPU.ActiveCfg = Release|Any CPU
		{496A43AD-1826-4E1D-9420-39A381463FB3}.Release|Any CPU.Build.0 = Release|Any CPU
		{496A43AD-1826-4E1D-9420-39A381463FB3}.Release|x64.ActiveCfg = Release|Any CPU
		{496A43AD-1826-4E1D-9420-39A381463FB3}.Release|x64.Build.0 = Release|Any CPU
		{496A43AD-1826-4E1D-9420-39A381463FB3}.Release|x86.ActiveCfg = Release|Any CPU
		{496A43AD-1826-4E1D-9420-39A381463FB3}.Release|x86.Build.0 = Release|Any CPU
		{37DE9F54-8A45-4119-8D60-216A007A7BE5}.Debug|Any CPU.ActiveCfg = Debug|Any CPU
		{37DE9F54-8A45-4119-8D60-216A007A7BE5}.Debug|Any CPU.Build.0 = Debug|Any CPU
		{37DE9F54-8A45-4119-8D60-216A007A7BE5}.Debug|x64.ActiveCfg = Debug|Any CPU
		{37DE9F54-8A45-4119-8D60-216A007A7BE5}.Debug|x64.Build.0 = Debug|Any CPU
		{37DE9F54-8A45-4119-8D60-216A007A7BE5}.Debug|x86.ActiveCfg = Debug|Any CPU
		{37DE9F54-8A45-4119-8D60-216A007A7BE5}.Debug|x86.Build.0 = Debug|Any CPU
		{37DE9F54-8A45-4119-8D60-216A007A7BE5}.Release|Any CPU.ActiveCfg = Release|Any CPU
		{37DE9F54-8A45-4119-8D60-216A007A7BE5}.Release|Any CPU.Build.0 = Release|Any CPU
		{37DE9F54-8A45-4119-8D60-216A007A7BE5}.Release|x64.ActiveCfg = Release|Any CPU
		{37DE9F54-8A45-4119-8D60-216A007A7BE5}.Release|x64.Build.0 = Release|Any CPU
		{37DE9F54-8A45-4119-8D60-216A007A7BE5}.Release|x86.ActiveCfg = Release|Any CPU
		{37DE9F54-8A45-4119-8D60-216A007A7BE5}.Release|x86.Build.0 = Release|Any CPU
	EndGlobalSection
	GlobalSection(SolutionProperties) = preSolution
		HideSolutionNode = FALSE
	EndGlobalSection
	GlobalSection(ExtensibilityGlobals) = postSolution
		SolutionGuid = {7815B30E-CE59-48DE-8E6A-D8D919049AB3}
	EndGlobalSection
EndGlobal
